<?xml version="1.0" encoding="utf-8"?>
<Project ToolsVersion="4.0" xmlns="http://schemas.microsoft.com/developer/msbuild/2003">
  <ItemGroup>
    <Filter Include="Исходные файлы">
      <UniqueIdentifier>{4FC737F1-C7A5-4376-A066-2A32D752A2FF}</UniqueIdentifier>
      <Extensions>cpp;c;cc;cxx;c++;cppm;ixx;def;odl;idl;hpj;bat;asm;asmx</Extensions>
    </Filter>
    <Filter Include="Файлы заголовков">
      <UniqueIdentifier>{93995380-89BD-4b04-88EB-625FBE52EBFB}</UniqueIdentifier>
      <Extensions>h;hh;hpp;hxx;h++;hm;inl;inc;ipp;xsd</Extensions>
    </Filter>
    <Filter Include="Файлы ресурсов">
      <UniqueIdentifier>{67DA6AB6-F800-4c08-8B7A-83BB121AAD01}</UniqueIdentifier>
      <Extensions>rc;ico;cur;bmp;dlg;rc2;rct;bin;rgs;gif;jpg;jpeg;jpe;resx;tiff;tif;png;wav;mfcribbon-ms</Extensions>
    </Filter>
    <Filter Include="Исходные файлы\menu">
      <UniqueIdentifier>{14d4d7ff-e5b0-48f0-aeca-b853c070bd7e}</UniqueIdentifier>
    </Filter>
    <Filter Include="Исходные файлы\console">
      <UniqueIdentifier>{3cd30c7f-0afe-4092-8e90-f5152fc03e99}</UniqueIdentifier>
    </Filter>
    <Filter Include="Исходные файлы\game">
      <UniqueIdentifier>{794140d2-8a41-44be-bb7e-703b1994934f}</UniqueIdentifier>
    </Filter>
  </ItemGroup>
  <ItemGroup>
    <ClCompile Include="Main.cpp">
      <Filter>Исходные файлы</Filter>
    </ClCompile>
    <ClCompile Include="menu\menu.cpp">
      <Filter>Исходные файлы\menu</Filter>
    </ClCompile>
    <ClCompile Include="console\console.cpp">
      <Filter>Исходные файлы\console</Filter>
    </ClCompile>
    <ClCompile Include="GameMem.cpp">
      <Filter>Исходные файлы\game</Filter>
    </ClCompile>
  </ItemGroup>
  <ItemGroup>
    <ClInclude Include="menu\menu.h">
      <Filter>Исходные файлы\menu</Filter>
    </ClInclude>
    <ClInclude Include="console\console.h">
      <Filter>Исходные файлы\console</Filter>
    </ClInclude>
    <ClInclude Include="Struct.h">
      <Filter>Исходные файлы\game</Filter>
    </ClInclude>
    <ClInclude Include="GameMem.h">
      <Filter>Исходные файлы\game</Filter>
    </ClInclude>
  </ItemGroup>
</Project>